
Microsoft Visual Studio Solution File, Format Version 12.00
# Visual Studio Version 16
VisualStudioVersion = 16.0.32413.511
MinimumVisualStudioVersion = 10.0.40219.1
Project("{FAE04EC0-301F-11D3-BF4B-00C04F79EFBC}") = "TechiesStoreFront.Server", "TechiesStoreFront\Server\TechiesStoreFront.Server.csproj", "{4F03F3C2-0AD0-4C60-A0F5-089A329E0916}"
EndProject
Project("{FAE04EC0-301F-11D3-BF4B-00C04F79EFBC}") = "TechiesStoreFront.Client", "TechiesStoreFront\Client\TechiesStoreFront.Client.csproj", "{2C4D077A-23E5-4110-AE6F-689C2E1B703C}"
EndProject
Project("{FAE04EC0-301F-11D3-BF4B-00C04F79EFBC}") = "TechiesStoreFront.Shared", "TechiesStoreFront\Shared\TechiesStoreFront.Shared.csproj", "{4E8CBFE5-1087-4FEF-9B1B-1C1504D42D49}"
EndProject
Global
	GlobalSection(SolutionConfigurationPlatforms) = preSolution
		Debug|Any CPU = Debug|Any CPU
		Release|Any CPU = Release|Any CPU
	EndGlobalSection
	GlobalSection(ProjectConfigurationPlatforms) = postSolution
		{4F03F3C2-0AD0-4C60-A0F5-089A329E0916}.Debug|Any CPU.ActiveCfg = Debug|Any CPU
		{4F03F3C2-0AD0-4C60-A0F5-089A329E0916}.Debug|Any CPU.Build.0 = Debug|Any CPU
		{4F03F3C2-0AD0-4C60-A0F5-089A329E0916}.Release|Any CPU.ActiveCfg = Release|Any CPU
		{4F03F3C2-0AD0-4C60-A0F5-089A329E0916}.Release|Any CPU.Build.0 = Release|Any CPU
		{2C4D077A-23E5-4110-AE6F-689C2E1B703C}.Debug|Any CPU.ActiveCfg = Debug|Any CPU
		{2C4D077A-23E5-4110-AE6F-689C2E1B703C}.Debug|Any CPU.Build.0 = Debug|Any CPU
		{2C4D077A-23E5-4110-AE6F-689C2E1B703C}.Release|Any CPU.ActiveCfg = Release|Any CPU
		{2C4D077A-23E5-4110-AE6F-689C2E1B703C}.Release|Any CPU.Build.0 = Release|Any CPU
		{4E8CBFE5-1087-4FEF-9B1B-1C1504D42D49}.Debug|Any CPU.ActiveCfg = Debug|Any CPU
		{4E8CBFE5-1087-4FEF-9B1B-1C1504D42D49}.Debug|Any CPU.Build.0 = Debug|Any CPU
		{4E8CBFE5-1087-4FEF-9B1B-1C1504D42D49}.Release|Any CPU.ActiveCfg = Release|Any CPU
		{4E8CBFE5-1087-4FEF-9B1B-1C1504D42D49}.Release|Any CPU.Build.0 = Release|Any CPU
	EndGlobalSection
	GlobalSection(SolutionProperties) = preSolution
		HideSolutionNode = FALSE
	EndGlobalSection
	GlobalSection(ExtensibilityGlobals) = postSolution
		SolutionGuid = {1A138F99-4E51-4CE2-AEB7-67ADC5ABE3F8}
	EndGlobalSection
EndGlobal
